// !$*UTF8*$!
{
	archiveVersion = 1;
	classes = {
	};
	objectVersion = 55;
	objects = {

/* Begin PBXBuildFile section */
		5EAD094027A69C8100833681 /* AppDelegate.swift in Sources */ = {isa = PBXBuildFile; fileRef = 5EAD093F27A69C8100833681 /* AppDelegate.swift */; };
		5EAD094227A69C8100833681 /* SceneDelegate.swift in Sources */ = {isa = PBXBuildFile; fileRef = 5EAD094127A69C8100833681 /* SceneDelegate.swift */; };
		5EAD094427A69C8100833681 /* MapViewController.swift in Sources */ = {isa = PBXBuildFile; fileRef = 5EAD094327A69C8100833681 /* MapViewController.swift */; };
		5EAD094927A69C8300833681 /* Assets.xcassets in Resources */ = {isa = PBXBuildFile; fileRef = 5EAD094827A69C8300833681 /* Assets.xcassets */; };
		5EAD094C27A69C8300833681 /* LaunchScreen.storyboard in Resources */ = {isa = PBXBuildFile; fileRef = 5EAD094A27A69C8300833681 /* LaunchScreen.storyboard */; };
		5EAD095827A6BEE200833681 /* CustomButtons.swift in Sources */ = {isa = PBXBuildFile; fileRef = 5EAD095727A6BEE200833681 /* CustomButtons.swift */; };
		5EAD095A27A6D67200833681 /* UIView.swift in Sources */ = {isa = PBXBuildFile; fileRef = 5EAD095927A6D67200833681 /* UIView.swift */; };
		5EAD095C27A6D71900833681 /* CustomTextField.swift in Sources */ = {isa = PBXBuildFile; fileRef = 5EAD095B27A6D71900833681 /* CustomTextField.swift */; };
		5EAD097E27A80BF100833681 /* MapViewModel.swift in Sources */ = {isa = PBXBuildFile; fileRef = 5EAD097D27A80BF100833681 /* MapViewModel.swift */; };
		93AE88D2D052DDB24E15CA6A /* Pods_kepetrovaHW7.framework in Frameworks */ = {isa = PBXBuildFile; fileRef = 9B33660B5F875C8681873AD6 /* Pods_kepetrovaHW7.framework */; };
/* End PBXBuildFile section */

/* Begin PBXFileReference section */
		5EAD093C27A69C8100833681 /* kepetrovaHW7.app */ = {isa = PBXFileReference; explicitFileType = wrapper.application; includeInIndex = 0; path = kepetrovaHW7.app; sourceTree = BUILT_PRODUCTS_DIR; };
		5EAD093F27A69C8100833681 /* AppDelegate.swift */ = {isa = PBXFileReference; lastKnownFileType = sourcecode.swift; path = AppDelegate.swift; sourceTree = "<group>"; };
		5EAD094127A69C8100833681 /* SceneDelegate.swift */ = {isa = PBXFileReference; lastKnownFileType = sourcecode.swift; path = SceneDelegate.swift; sourceTree = "<group>"; };
		5EAD094327A69C8100833681 /* MapViewController.swift */ = {isa = PBXFileReference; lastKnownFileType = sourcecode.swift; path = MapViewController.swift; sourceTree = "<group>"; };
		5EAD094827A69C8300833681 /* Assets.xcassets */ = {isa = PBXFileReference; lastKnownFileType = folder.assetcatalog; path = Assets.xcassets; sourceTree = "<group>"; };
		5EAD094B27A69C8300833681 /* Base */ = {isa = PBXFileReference; lastKnownFileType = file.storyboard; name = Base; path = Base.lproj/LaunchScreen.storyboard; sourceTree = "<group>"; };
		5EAD094D27A69C8300833681 /* Info.plist */ = {isa = PBXFileReference; lastKnownFileType = text.plist.xml; path = Info.plist; sourceTree = "<group>"; };
		5EAD095727A6BEE200833681 /* CustomButtons.swift */ = {isa = PBXFileReference; lastKnownFileType = sourcecode.swift; path = CustomButtons.swift; sourceTree = "<group>"; };
		5EAD095927A6D67200833681 /* UIView.swift */ = {isa = PBXFileReference; lastKnownFileType = sourcecode.swift; path = UIView.swift; sourceTree = "<group>"; };
		5EAD095B27A6D71900833681 /* CustomTextField.swift */ = {isa = PBXFileReference; lastKnownFileType = sourcecode.swift; path = CustomTextField.swift; sourceTree = "<group>"; };
		5EAD097D27A80BF100833681 /* MapViewModel.swift */ = {isa = PBXFileReference; lastKnownFileType = sourcecode.swift; path = MapViewModel.swift; sourceTree = "<group>"; };
		7A5970C53A65F9A50761F68B /* Pods-kepetrovaHW7.debug.xcconfig */ = {isa = PBXFileReference; includeInIndex = 1; lastKnownFileType = text.xcconfig; name = "Pods-kepetrovaHW7.debug.xcconfig"; path = "Target Support Files/Pods-kepetrovaHW7/Pods-kepetrovaHW7.debug.xcconfig"; sourceTree = "<group>"; };
		9B33660B5F875C8681873AD6 /* Pods_kepetrovaHW7.framework */ = {isa = PBXFileReference; explicitFileType = wrapper.framework; includeInIndex = 0; path = Pods_kepetrovaHW7.framework; sourceTree = BUILT_PRODUCTS_DIR; };
		D07619AB78959C12BF0F58AF /* Pods-kepetrovaHW7.release.xcconfig */ = {isa = PBXFileReference; includeInIndex = 1; lastKnownFileType = text.xcconfig; name = "Pods-kepetrovaHW7.release.xcconfig"; path = "Target Support Files/Pods-kepetrovaHW7/Pods-kepetrovaHW7.release.xcconfig"; sourceTree = "<group>"; };
/* End PBXFileReference section */

/* Begin PBXFrameworksBuildPhase section */
		5EAD093927A69C8100833681 /* Frameworks */ = {
			isa = PBXFrameworksBuildPhase;
			buildActionMask = 2147483647;
			files = (
				93AE88D2D052DDB24E15CA6A /* Pods_kepetrovaHW7.framework in Frameworks */,
			);
			runOnlyForDeploymentPostprocessing = 0;
		};
/* End PBXFrameworksBuildPhase section */

/* Begin PBXGroup section */
		0C920ADA6BAD35F2077D4A90 /* Frameworks */ = {
			isa = PBXGroup;
			children = (
				9B33660B5F875C8681873AD6 /* Pods_kepetrovaHW7.framework */,
			);
			name = Frameworks;
			sourceTree = "<group>";
		};
		5EAD093327A69C8100833681 = {
			isa = PBXGroup;
			children = (
				5EAD093E27A69C8100833681 /* kepetrovaHW7 */,
				5EAD093D27A69C8100833681 /* Products */,
				7B7949BE7AE56C423115E488 /* Pods */,
				0C920ADA6BAD35F2077D4A90 /* Frameworks */,
			);
			sourceTree = "<group>";
		};
		5EAD093D27A69C8100833681 /* Products */ = {
			isa = PBXGroup;
			children = (
				5EAD093C27A69C8100833681 /* kepetrovaHW7.app */,
			);
			name = Products;
			sourceTree = "<group>";
		};
		5EAD093E27A69C8100833681 /* kepetrovaHW7 */ = {
			isa = PBXGroup;
			children = (
				5EAD095627A6B82900833681 /* Common */,
				5EAD095527A6B80400833681 /* ViewModels */,
				5EAD095427A6B7E800833681 /* Controllers */,
				5EAD095327A6B7D900833681 /* Models */,
				5EAD094827A69C8300833681 /* Assets.xcassets */,
				5EAD094A27A69C8300833681 /* LaunchScreen.storyboard */,
				5EAD094D27A69C8300833681 /* Info.plist */,
			);
			path = kepetrovaHW7;
			sourceTree = "<group>";
		};
		5EAD095327A6B7D900833681 /* Models */ = {
			isa = PBXGroup;
			children = (
				5EAD095727A6BEE200833681 /* CustomButtons.swift */,
				5EAD095B27A6D71900833681 /* CustomTextField.swift */,
			);
			path = Models;
			sourceTree = "<group>";
		};
		5EAD095427A6B7E800833681 /* Controllers */ = {
			isa = PBXGroup;
			children = (
				5EAD094327A69C8100833681 /* MapViewController.swift */,
			);
			path = Controllers;
			sourceTree = "<group>";
		};
		5EAD095527A6B80400833681 /* ViewModels */ = {
			isa = PBXGroup;
			children = (
				5EAD097D27A80BF100833681 /* MapViewModel.swift */,
			);
			path = ViewModels;
			sourceTree = "<group>";
		};
		5EAD095627A6B82900833681 /* Common */ = {
			isa = PBXGroup;
			children = (
				5EAD093F27A69C8100833681 /* AppDelegate.swift */,
				5EAD094127A69C8100833681 /* SceneDelegate.swift */,
				5EAD095927A6D67200833681 /* UIView.swift */,
			);
			path = Common;
			sourceTree = "<group>";
		};
		7B7949BE7AE56C423115E488 /* Pods */ = {
			isa = PBXGroup;
			children = (
				7A5970C53A65F9A50761F68B /* Pods-kepetrovaHW7.debug.xcconfig */,
				D07619AB78959C12BF0F58AF /* Pods-kepetrovaHW7.release.xcconfig */,
			);
			path = Pods;
			sourceTree = "<group>";
		};
/* End PBXGroup section */

/* Begin PBXNativeTarget section */
		5EAD093B27A69C8100833681 /* kepetrovaHW7 */ = {
			isa = PBXNativeTarget;
			buildConfigurationList = 5EAD095027A69C8300833681 /* Build configuration list for PBXNativeTarget "kepetrovaHW7" */;
			buildPhases = (
				0BD2AAEE09661F0FBB51220B /* [CP] Check Pods Manifest.lock */,
				5EAD093827A69C8100833681 /* Sources */,
				5EAD093927A69C8100833681 /* Frameworks */,
				5EAD093A27A69C8100833681 /* Resources */,
				441C1C1C563ED8BDE8CBAECF /* [CP] Copy Pods Resources */,
			);
			buildRules = (
			);
			dependencies = (
			);
			name = kepetrovaHW7;
			productName = kepetrovaHW7;
			productReference = 5EAD093C27A69C8100833681 /* kepetrovaHW7.app */;
			productType = "com.apple.product-type.application";
		};
/* End PBXNativeTarget section */

/* Begin PBXProject section */
		5EAD093427A69C8100833681 /* Project object */ = {
			isa = PBXProject;
			attributes = {
				BuildIndependentTargetsInParallel = 1;
				LastSwiftUpdateCheck = 1320;
				LastUpgradeCheck = 1320;
				TargetAttributes = {
					5EAD093B27A69C8100833681 = {
						CreatedOnToolsVersion = 13.2.1;
					};
				};
			};
			buildConfigurationList = 5EAD093727A69C8100833681 /* Build configuration list for PBXProject "kepetrovaHW7" */;
			compatibilityVersion = "Xcode 13.0";
			developmentRegion = en;
			hasScannedForEncodings = 0;
			knownRegions = (
				en,
				Base,
			);
			mainGroup = 5EAD093327A69C8100833681;
			productRefGroup = 5EAD093D27A69C8100833681 /* Products */;
			projectDirPath = "";
			projectRoot = "";
			targets = (
				5EAD093B27A69C8100833681 /* kepetrovaHW7 */,
			);
		};
/* End PBXProject section */

/* Begin PBXResourcesBuildPhase section */
		5EAD093A27A69C8100833681 /* Resources */ = {
			isa = PBXResourcesBuildPhase;
			buildActionMask = 2147483647;
			files = (
				5EAD094C27A69C8300833681 /* LaunchScreen.storyboard in Resources */,
				5EAD094927A69C8300833681 /* Assets.xcassets in Resources */,
			);
			runOnlyForDeploymentPostprocessing = 0;
		};
/* End PBXResourcesBuildPhase section */

/* Begin PBXShellScriptBuildPhase section */
		0BD2AAEE09661F0FBB51220B /* [CP] Check Pods Manifest.lock */ = {
			isa = PBXShellScriptBuildPhase;
			buildActionMask = 2147483647;
			files = (
			);
			inputFileListPaths = (
			);
			inputPaths = (
				"${PODS_PODFILE_DIR_PATH}/Podfile.lock",
				"${PODS_ROOT}/Manifest.lock",
			);
			name = "[CP] Check Pods Manifest.lock";
			outputFileListPaths = (
			);
			outputPaths = (
				"$(DERIVED_FILE_DIR)/Pods-kepetrovaHW7-checkManifestLockResult.txt",
			);
			runOnlyForDeploymentPostprocessing = 0;
			shellPath = /bin/sh;
			shellScript = "diff \"${PODS_PODFILE_DIR_PATH}/Podfile.lock\" \"${PODS_ROOT}/Manifest.lock\" > /dev/null\nif [ $? != 0 ] ; then\n    # print error to STDERR\n    echo \"error: The sandbox is not in sync with the Podfile.lock. Run 'pod install' or update your CocoaPods installation.\" >&2\n    exit 1\nfi\n# This output is used by Xcode 'outputs' to avoid re-running this script phase.\necho \"SUCCESS\" > \"${SCRIPT_OUTPUT_FILE_0}\"\n";
			showEnvVarsInLog = 0;
		};
		441C1C1C563ED8BDE8CBAECF /* [CP] Copy Pods Resources */ = {
			isa = PBXShellScriptBuildPhase;
			buildActionMask = 2147483647;
			files = (
			);
			inputFileListPaths = (
				"${PODS_ROOT}/Target Support Files/Pods-kepetrovaHW7/Pods-kepetrovaHW7-resources-${CONFIGURATION}-input-files.xcfilelist",
			);
			name = "[CP] Copy Pods Resources";
			outputFileListPaths = (
				"${PODS_ROOT}/Target Support Files/Pods-kepetrovaHW7/Pods-kepetrovaHW7-resources-${CONFIGURATION}-output-files.xcfilelist",
			);
			runOnlyForDeploymentPostprocessing = 0;
			shellPath = /bin/sh;
			shellScript = "\"${PODS_ROOT}/Target Support Files/Pods-kepetrovaHW7/Pods-kepetrovaHW7-resources.sh\"\n";
			showEnvVarsInLog = 0;
		};
/* End PBXShellScriptBuildPhase section */

/* Begin PBXSourcesBuildPhase section */
		5EAD093827A69C8100833681 /* Sources */ = {
			isa = PBXSourcesBuildPhase;
			buildActionMask = 2147483647;
			files = (
				5EAD095A27A6D67200833681 /* UIView.swift in Sources */,
				5EAD095827A6BEE200833681 /* CustomButtons.swift in Sources */,
				5EAD095C27A6D71900833681 /* CustomTextField.swift in Sources */,
				5EAD094427A69C8100833681 /* MapViewController.swift in Sources */,
				5EAD097E27A80BF100833681 /* MapViewModel.swift in Sources */,
				5EAD094027A69C8100833681 /* AppDelegate.swift in Sources */,
				5EAD094227A69C8100833681 /* SceneDelegate.swift in Sources */,
			);
			runOnlyForDeploymentPostprocessing = 0;
		};
/* End PBXSourcesBuildPhase section */

/* Begin PBXVariantGroup section */
		5EAD094A27A69C8300833681 /* LaunchScreen.storyboard */ = {
			isa = PBXVariantGroup;
			children = (
				5EAD094B27A69C8300833681 /* Base */,
			);
			name = LaunchScreen.storyboard;
			sourceTree = "<group>";
		};
/* End PBXVariantGroup section */

/* Begin XCBuildConfiguration section */
		5EAD094E27A69C8300833681 /* Debug */ = {
			isa = XCBuildConfiguration;
			buildSettings = {
				ALWAYS_SEARCH_USER_PATHS = NO;
				CLANG_ANALYZER_NONNULL = YES;
				CLANG_ANALYZER_NUMBER_OBJECT_CONVERSION = YES_AGGRESSIVE;
				CLANG_CXX_LANGUAGE_STANDARD = "gnu++17";
				CLANG_CXX_LIBRARY = "libc++";
				CLANG_ENABLE_MODULES = YES;
				CLANG_ENABLE_OBJC_ARC = YES;
				CLANG_ENABLE_OBJC_WEAK = YES;
				CLANG_WARN_BLOCK_CAPTURE_AUTORELEASING = YES;
				CLANG_WARN_BOOL_CONVERSION = YES;
				CLANG_WARN_COMMA = YES;
				CLANG_WARN_CONSTANT_CONVERSION = YES;
				CLANG_WARN_DEPRECATED_OBJC_IMPLEMENTATIONS = YES;
				CLANG_WARN_DIRECT_OBJC_ISA_USAGE = YES_ERROR;
				CLANG_WARN_DOCUMENTATION_COMMENTS = YES;
				CLANG_WARN_EMPTY_BODY = YES;
				CLANG_WARN_ENUM_CONVERSION = YES;
				CLANG_WARN_INFINITE_RECURSION = YES;
				CLANG_WARN_INT_CONVERSION = YES;
				CLANG_WARN_NON_LITERAL_NULL_CONVERSION = YES;
				CLANG_WARN_OBJC_IMPLICIT_RETAIN_SELF = YES;
				CLANG_WARN_OBJC_LITERAL_CONVERSION = YES;
				CLANG_WARN_OBJC_ROOT_CLASS = YES_ERROR;
				CLANG_WARN_QUOTED_INCLUDE_IN_FRAMEWORK_HEADER = YES;
				CLANG_WARN_RANGE_LOOP_ANALYSIS = YES;
				CLANG_WARN_STRICT_PROTOTYPES = YES;
				CLANG_WARN_SUSPICIOUS_MOVE = YES;
				CLANG_WARN_UNGUARDED_AVAILABILITY = YES_AGGRESSIVE;
				CLANG_WARN_UNREACHABLE_CODE = YES;
				CLANG_WARN__DUPLICATE_METHOD_MATCH = YES;
				COPY_PHASE_STRIP = NO;
				DEBUG_INFORMATION_FORMAT = dwarf;
				ENABLE_STRICT_OBJC_MSGSEND = YES;
				ENABLE_TESTABILITY = YES;
				GCC_C_LANGUAGE_STANDARD = gnu11;
				GCC_DYNAMIC_NO_PIC = NO;
				GCC_NO_COMMON_BLOCKS = YES;
				GCC_OPTIMIZATION_LEVEL = 0;
				GCC_PREPROCESSOR_DEFINITIONS = (
					"DEBUG=1",
					"$(inherited)",
				);
				GCC_WARN_64_TO_32_BIT_CONVERSION = YES;
				GCC_WARN_ABOUT_RETURN_TYPE = YES_ERROR;
				GCC_WARN_UNDECLARED_SELECTOR = YES;
				GCC_WARN_UNINITIALIZED_AUTOS = YES_AGGRESSIVE;
				GCC_WARN_UNUSED_FUNCTION = YES;
				GCC_WARN_UNUSED_VARIABLE = YES;
				IPHONEOS_DEPLOYMENT_TARGET = 15.2;
				MTL_ENABLE_DEBUG_INFO = INCLUDE_SOURCE;
				MTL_FAST_MATH = YES;
				ONLY_ACTIVE_ARCH = YES;
				SDKROOT = iphoneos;
				SWIFT_ACTIVE_COMPILATION_CONDITIONS = DEBUG;
				SWIFT_OPTIMIZATION_LEVEL = "-Onone";
			};
			name = Debug;
		};
		5EAD094F27A69C8300833681 /* Release */ = {
			isa = XCBuildConfiguration;
			buildSettings = {
				ALWAYS_SEARCH_USER_PATHS = NO;
				CLANG_ANALYZER_NONNULL = YES;
				CLANG_ANALYZER_NUMBER_OBJECT_CONVERSION = YES_AGGRESSIVE;
				CLANG_CXX_LANGUAGE_STANDARD = "gnu++17";
				CLANG_CXX_LIBRARY = "libc++";
				CLANG_ENABLE_MODULES = YES;
				CLANG_ENABLE_OBJC_ARC = YES;
				CLANG_ENABLE_OBJC_WEAK = YES;
				CLANG_WARN_BLOCK_CAPTURE_AUTORELEASING = YES;
				CLANG_WARN_BOOL_CONVERSION = YES;
				CLANG_WARN_COMMA = YES;
				CLANG_WARN_CONSTANT_CONVERSION = YES;
				CLANG_WARN_DEPRECATED_OBJC_IMPLEMENTATIONS = YES;
				CLANG_WARN_DIRECT_OBJC_ISA_USAGE = YES_ERROR;
				CLANG_WARN_DOCUMENTATION_COMMENTS = YES;
				CLANG_WARN_EMPTY_BODY = YES;
				CLANG_WARN_ENUM_CONVERSION = YES;
				CLANG_WARN_INFINITE_RECURSION = YES;
				CLANG_WARN_INT_CONVERSION = YES;
				CLANG_WARN_NON_LITERAL_NULL_CONVERSION = YES;
				CLANG_WARN_OBJC_IMPLICIT_RETAIN_SELF = YES;
				CLANG_WARN_OBJC_LITERAL_CONVERSION = YES;
				CLANG_WARN_OBJC_ROOT_CLASS = YES_ERROR;
				CLANG_WARN_QUOTED_INCLUDE_IN_FRAMEWORK_HEADER = YES;
				CLANG_WARN_RANGE_LOOP_ANALYSIS = YES;
				CLANG_WARN_STRICT_PROTOTYPES = YES;
				CLANG_WARN_SUSPICIOUS_MOVE = YES;
				CLANG_WARN_UNGUARDED_AVAILABILITY = YES_AGGRESSIVE;
				CLANG_WARN_UNREACHABLE_CODE = YES;
				CLANG_WARN__DUPLICATE_METHOD_MATCH = YES;
				COPY_PHASE_STRIP = NO;
				DEBUG_INFORMATION_FORMAT = "dwarf-with-dsym";
				ENABLE_NS_ASSERTIONS = NO;
				ENABLE_STRICT_OBJC_MSGSEND = YES;
				GCC_C_LANGUAGE_STANDARD = gnu11;
				GCC_NO_COMMON_BLOCKS = YES;
				GCC_WARN_64_TO_32_BIT_CONVERSION = YES;
				GCC_WARN_ABOUT_RETURN_TYPE = YES_ERROR;
				GCC_WARN_UNDECLARED_SELECTOR = YES;
				GCC_WARN_UNINITIALIZED_AUTOS = YES_AGGRESSIVE;
				GCC_WARN_UNUSED_FUNCTION = YES;
				GCC_WARN_UNUSED_VARIABLE = YES;
				IPHONEOS_DEPLOYMENT_TARGET = 15.2;
				MTL_ENABLE_DEBUG_INFO = NO;
				MTL_FAST_MATH = YES;
				SDKROOT = iphoneos;
				SWIFT_COMPILATION_MODE = wholemodule;
				SWIFT_OPTIMIZATION_LEVEL = "-O";
				VALIDATE_PRODUCT = YES;
			};
			name = Release;
		};
		5EAD095127A69C8300833681 /* Debug */ = {
			isa = XCBuildConfiguration;
			baseConfigurationReference = 7A5970C53A65F9A50761F68B /* Pods-kepetrovaHW7.debug.xcconfig */;
			buildSettings = {
				ASSETCATALOG_COMPILER_APPICON_NAME = AppIcon;
				ASSETCATALOG_COMPILER_GLOBAL_ACCENT_COLOR_NAME = AccentColor;
				CODE_SIGN_STYLE = Automatic;
				CURRENT_PROJECT_VERSION = 1;
				GENERATE_INFOPLIST_FILE = YES;
				INFOPLIST_FILE = kepetrovaHW7/Info.plist;
				INFOPLIST_KEY_NSLocationWhenInUseUsageDescription = "We need your location to find you.";
				INFOPLIST_KEY_UIApplicationSupportsIndirectInputEvents = YES;
				INFOPLIST_KEY_UILaunchStoryboardName = LaunchScreen;
				INFOPLIST_KEY_UIMainStoryboardFile = LaunchScreen;
				INFOPLIST_KEY_UISupportedInterfaceOrientations_iPad = "UIInterfaceOrientationPortrait UIInterfaceOrientationPortraitUpsideDown UIInterfaceOrientationLandscapeLeft UIInterfaceOrientationLandscapeRight";
				INFOPLIST_KEY_UISupportedInterfaceOrientations_iPhone = "UIInterfaceOrientationPortrait UIInterfaceOrientationLandscapeLeft UIInterfaceOrientationLandscapeRight";
				LD_RUNPATH_SEARCH_PATHS = (
					"$(inherited)",
					"@executable_path/Frameworks",
				);
				MARKETING_VERSION = 1.0;
				PRODUCT_BUNDLE_IDENTIFIER = hse.kepetrovaHW7;
				PRODUCT_NAME = "$(TARGET_NAME)";
				SWIFT_EMIT_LOC_STRINGS = YES;
				SWIFT_VERSION = 5.0;
				TARGETED_DEVICE_FAMILY = "1,2";
			};
			name = Debug;
		};
		5EAD095227A69C8300833681 /* Release */ = {
			isa = XCBuildConfiguration;
			baseConfigurationReference = D07619AB78959C12BF0F58AF /* Pods-kepetrovaHW7.release.xcconfig */;
			buildSettings = {
				ASSETCATALOG_COMPILER_APPICON_NAME = AppIcon;
				ASSETCATALOG_COMPILER_GLOBAL_ACCENT_COLOR_NAME = AccentColor;
				CODE_SIGN_STYLE = Automatic;
				CURRENT_PROJECT_VERSION = 1;
				GENERATE_INFOPLIST_FILE = YES;
				INFOPLIST_FILE = kepetrovaHW7/Info.plist;
				INFOPLIST_KEY_NSLocationWhenInUseUsageDescription = "We need your location to find you.";
				INFOPLIST_KEY_UIApplicationSupportsIndirectInputEvents = YES;
				INFOPLIST_KEY_UILaunchStoryboardName = LaunchScreen;
				INFOPLIST_KEY_UIMainStoryboardFile = LaunchScreen;
				INFOPLIST_KEY_UISupportedInterfaceOrientations_iPad = "UIInterfaceOrientationPortrait UIInterfaceOrientationPortraitUpsideDown UIInterfaceOrientationLandscapeLeft UIInterfaceOrientationLandscapeRight";
				INFOPLIST_KEY_UISupportedInterfaceOrientations_iPhone = "UIInterfaceOrientationPortrait UIInterfaceOrientationLandscapeLeft UIInterfaceOrientationLandscapeRight";
				LD_RUNPATH_SEARCH_PATHS = (
					"$(inherited)",
					"@executable_path/Frameworks",
				);
				MARKETING_VERSION = 1.0;
				PRODUCT_BUNDLE_IDENTIFIER = hse.kepetrovaHW7;
				PRODUCT_NAME = "$(TARGET_NAME)";
				SWIFT_EMIT_LOC_STRINGS = YES;
				SWIFT_VERSION = 5.0;
				TARGETED_DEVICE_FAMILY = "1,2";
			};
			name = Release;
		};
/* End XCBuildConfiguration section */

/* Begin XCConfigurationList section */
		5EAD093727A69C8100833681 /* Build configuration list for PBXProject "kepetrovaHW7" */ = {
			isa = XCConfigurationList;
			buildConfigurations = (
				5EAD094E27A69C8300833681 /* Debug */,
				5EAD094F27A69C8300833681 /* Release */,
			);
			defaultConfigurationIsVisible = 0;
			defaultConfigurationName = Release;
		};
		5EAD095027A69C8300833681 /* Build configuration list for PBXNativeTarget "kepetrovaHW7" */ = {
			isa = XCConfigurationList;
			buildConfigurations = (
				5EAD095127A69C8300833681 /* Debug */,
				5EAD095227A69C8300833681 /* Release */,
			);
			defaultConfigurationIsVisible = 0;
			defaultConfigurationName = Release;
		};
/* End XCConfigurationList section */
	};
	rootObject = 5EAD093427A69C8100833681 /* Project object */;
}
